
Microsoft Visual Studio Solution File, Format Version 12.00
# Visual Studio 14
VisualStudioVersion = 14.0.23107.0
MinimumVisualStudioVersion = 10.0.40219.1
Project("{FAE04EC0-301F-11D3-BF4B-00C04F79EFBC}") = "Singularity", "Singularity\Singularity.csproj", "{350F5C90-F18F-41A9-8B84-92E0CA74D619}"
EndProject
Project("{FAE04EC0-301F-11D3-BF4B-00C04F79EFBC}") = "Singularity.EmailService", "Singularity.EmailService\Singularity.EmailService.csproj", "{57FFF19A-7501-40FB-95A9-0939BA34DC5B}"
EndProject
Global
	GlobalSection(SolutionConfigurationPlatforms) = preSolution
		Debug|Any CPU = Debug|Any CPU
		Release|Any CPU = Release|Any CPU
	EndGlobalSection
	GlobalSection(ProjectConfigurationPlatforms) = postSolution
		{350F5C90-F18F-41A9-8B84-92E0CA74D619}.Debug|Any CPU.ActiveCfg = Debug|Any CPU
		{350F5C90-F18F-41A9-8B84-92E0CA74D619}.Debug|Any CPU.Build.0 = Debug|Any CPU
		{350F5C90-F18F-41A9-8B84-92E0CA74D619}.Release|Any CPU.ActiveCfg = Release|Any CPU
		{350F5C90-F18F-41A9-8B84-92E0CA74D619}.Release|Any CPU.Build.0 = Release|Any CPU
		{57FFF19A-7501-40FB-95A9-0939BA34DC5B}.Debug|Any CPU.ActiveCfg = Debug|Any CPU
		{57FFF19A-7501-40FB-95A9-0939BA34DC5B}.Debug|Any CPU.Build.0 = Debug|Any CPU
		{57FFF19A-7501-40FB-95A9-0939BA34DC5B}.Release|Any CPU.ActiveCfg = Release|Any CPU
		{57FFF19A-7501-40FB-95A9-0939BA34DC5B}.Release|Any CPU.Build.0 = Release|Any CPU
	EndGlobalSection
	GlobalSection(SolutionProperties) = preSolution
		HideSolutionNode = FALSE
	EndGlobalSection
EndGlobal
